
Microsoft Visual Studio Solution File, Format Version 12.00
# Visual Studio Version 17
VisualStudioVersion = 17.4.33015.44
MinimumVisualStudioVersion = 10.0.40219.1
Project("{FAE04EC0-301F-11D3-BF4B-00C04F79EFBC}") = "SO74219635", "SO74219635\SO74219635.csproj", "{CEE4521A-825E-4F3B-B567-EA36B5696566}"
EndProject
Global
	GlobalSection(SolutionConfigurationPlatforms) = preSolution
		Debug|Any CPU = Debug|Any CPU
		Release|Any CPU = Release|Any CPU
	EndGlobalSection
	GlobalSection(ProjectConfigurationPlatforms) = postSolution
		{CEE4521A-825E-4F3B-B567-EA36B5696566}.Debug|Any CPU.ActiveCfg = Debug|Any CPU
		{CEE4521A-825E-4F3B-B567-EA36B5696566}.Debug|Any CPU.Build.0 = Debug|Any CPU
		{CEE4521A-825E-4F3B-B567-EA36B5696566}.Release|Any CPU.ActiveCfg = Release|Any CPU
		{CEE4521A-825E-4F3B-B567-EA36B5696566}.Release|Any CPU.Build.0 = Release|Any CPU
	EndGlobalSection
	GlobalSection(SolutionProperties) = preSolution
		HideSolutionNode = FALSE
	EndGlobalSection
	GlobalSection(ExtensibilityGlobals) = postSolution
		SolutionGuid = {9F72A239-4812-4AF7-9AD8-67437CAECF31}
	EndGlobalSection
EndGlobal
